
Microsoft Visual Studio Solution File, Format Version 12.00
# Visual Studio Version 17
VisualStudioVersion = 17.5.002.0
MinimumVisualStudioVersion = 10.0.40219.1
Project("{9A19103F-16F7-4668-BE54-9A1E7A4F7556}") = "GarysGarage", "GarysGarage.csproj", "{54B1277A-28AD-486D-9FBD-E8B57E3ED549}"
EndProject
Global
	GlobalSection(SolutionConfigurationPlatforms) = preSolution
		Debug|Any CPU = Debug|Any CPU
		Release|Any CPU = Release|Any CPU
	EndGlobalSection
	GlobalSection(ProjectConfigurationPlatforms) = postSolution
		{54B1277A-28AD-486D-9FBD-E8B57E3ED549}.Debug|Any CPU.ActiveCfg = Debug|Any CPU
		{54B1277A-28AD-486D-9FBD-E8B57E3ED549}.Debug|Any CPU.Build.0 = Debug|Any CPU
		{54B1277A-28AD-486D-9FBD-E8B57E3ED549}.Release|Any CPU.ActiveCfg = Release|Any CPU
		{54B1277A-28AD-486D-9FBD-E8B57E3ED549}.Release|Any CPU.Build.0 = Release|Any CPU
	EndGlobalSection
	GlobalSection(SolutionProperties) = preSolution
		HideSolutionNode = FALSE
	EndGlobalSection
	GlobalSection(ExtensibilityGlobals) = postSolution
		SolutionGuid = {C426ABFB-50C3-4AAB-B394-5CBAE18C4B04}
	EndGlobalSection
EndGlobal
